
Microsoft Visual Studio Solution File, Format Version 12.00
# Visual Studio Version 17
VisualStudioVersion = 17.14.36623.8
MinimumVisualStudioVersion = 10.0.40219.1
Project("{FAE04EC0-301F-11D3-BF4B-00C04F79EFBC}") = "MyStore", "MyStore\MyStore.csproj", "{44662C81-C1E0-461C-BC49-0EF6F69B727E}"
EndProject
Global
	GlobalSection(SolutionConfigurationPlatforms) = preSolution
		Debug|Any CPU = Debug|Any CPU
		Release|Any CPU = Release|Any CPU
	EndGlobalSection
	GlobalSection(ProjectConfigurationPlatforms) = postSolution
		{44662C81-C1E0-461C-BC49-0EF6F69B727E}.Debug|Any CPU.ActiveCfg = Debug|Any CPU
		{44662C81-C1E0-461C-BC49-0EF6F69B727E}.Debug|Any CPU.Build.0 = Debug|Any CPU
		{44662C81-C1E0-461C-BC49-0EF6F69B727E}.Release|Any CPU.ActiveCfg = Release|Any CPU
		{44662C81-C1E0-461C-BC49-0EF6F69B727E}.Release|Any CPU.Build.0 = Release|Any CPU
	EndGlobalSection
	GlobalSection(SolutionProperties) = preSolution
		HideSolutionNode = FALSE
	EndGlobalSection
	GlobalSection(ExtensibilityGlobals) = postSolution
		SolutionGuid = {8B8942FE-79A5-494B-A502-1F99E880345D}
	EndGlobalSection
EndGlobal
